
Microsoft Visual Studio Solution File, Format Version 12.00
# Visual Studio Version 17
VisualStudioVersion = 17.4.33213.308
MinimumVisualStudioVersion = 10.0.40219.1
Project("{FAE04EC0-301F-11D3-BF4B-00C04F79EFBC}") = "WindGraphics2D", "WindGraphics2D\WindGraphics2D.csproj", "{3B45B49B-EA99-4486-8105-5F0EE78CC820}"
EndProject
Global
	GlobalSection(SolutionConfigurationPlatforms) = preSolution
		Debug|Any CPU = Debug|Any CPU
		Release|Any CPU = Release|Any CPU
	EndGlobalSection
	GlobalSection(ProjectConfigurationPlatforms) = postSolution
		{3B45B49B-EA99-4486-8105-5F0EE78CC820}.Debug|Any CPU.ActiveCfg = Debug|Any CPU
		{3B45B49B-EA99-4486-8105-5F0EE78CC820}.Debug|Any CPU.Build.0 = Debug|Any CPU
		{3B45B49B-EA99-4486-8105-5F0EE78CC820}.Release|Any CPU.ActiveCfg = Release|Any CPU
		{3B45B49B-EA99-4486-8105-5F0EE78CC820}.Release|Any CPU.Build.0 = Release|Any CPU
	EndGlobalSection
	GlobalSection(SolutionProperties) = preSolution
		HideSolutionNode = FALSE
	EndGlobalSection
	GlobalSection(ExtensibilityGlobals) = postSolution
		SolutionGuid = {54A50AA8-5947-4306-A420-E18CB8088632}
	EndGlobalSection
EndGlobal
